PODS:
  - document_scanner (0.0.1):
    - Flutter
  - Flutter (1.0.0)
  - "permission_handler (5.1.0+2)":
    - Flutter

DEPENDENCIES:
  - document_scanner (from `.symlinks/plugins/document_scanner/ios`)
  - Flutter (from `Flutter`)
  - permission_handler (from `.symlinks/plugins/permission_handler/ios`)

EXTERNAL SOURCES:
  document_scanner:
    :path: ".symlinks/plugins/document_scanner/ios"
  Flutter:
    :path: Flutter
  permission_handler:
    :path: ".symlinks/plugins/permission_handler/ios"

SPEC CHECKSUMS:
  document_scanner: 3b9b9257ec9fe5d7e1f2e1e249c0dd101246d790
  Flutter: 50d75fe2f02b26cc09d224853bb45737f8b3214a
  permission_handler: ccb20a9fad0ee9b1314a52b70b76b473c5f8dab0

PODFILE CHECKSUM: 5844bded81b002c6baded73bcf8e95a65f7b4bef

COCOAPODS: 1.10.1
